
Microsoft Visual Studio Solution File, Format Version 12.00
# Visual Studio Version 17
VisualStudioVersion = 17.4.33213.308
MinimumVisualStudioVersion = 10.0.40219.1
Project("{FAE04EC0-301F-11D3-BF4B-00C04F79EFBC}") = "MsGraphProject", "MsGraphProject.csproj", "{76E72BD1-1D86-4DD8-9CCF-209A573D613F}"
EndProject
Global
	GlobalSection(SolutionConfigurationPlatforms) = preSolution
		Debug|Any CPU = Debug|Any CPU
		Release|Any CPU = Release|Any CPU
	EndGlobalSection
	GlobalSection(ProjectConfigurationPlatforms) = postSolution
		{76E72BD1-1D86-4DD8-9CCF-209A573D613F}.Debug|Any CPU.ActiveCfg = Debug|Any CPU
		{76E72BD1-1D86-4DD8-9CCF-209A573D613F}.Debug|Any CPU.Build.0 = Debug|Any CPU
		{76E72BD1-1D86-4DD8-9CCF-209A573D613F}.Release|Any CPU.ActiveCfg = Release|Any CPU
		{76E72BD1-1D86-4DD8-9CCF-209A573D613F}.Release|Any CPU.Build.0 = Release|Any CPU
	EndGlobalSection
	GlobalSection(SolutionProperties) = preSolution
		HideSolutionNode = FALSE
	EndGlobalSection
	GlobalSection(ExtensibilityGlobals) = postSolution
		SolutionGuid = {93788C1A-BF96-4A68-9880-EBB77B1BA4CE}
	EndGlobalSection
EndGlobal
